// !$*UTF8*$!
{
	archiveVersion = 1;
	classes = {
	};
	objectVersion = 50;
	objects = {

/* Begin PBXBuildFile section */
		427B80E4273774D9002B5C03 /* AppDelegate.swift in Sources */ = {isa = PBXBuildFile; fileRef = 427B80E3273774D9002B5C03 /* AppDelegate.swift */; };
		427B80E6273774D9002B5C03 /* ViewController.swift in Sources */ = {isa = PBXBuildFile; fileRef = 427B80E5273774D9002B5C03 /* ViewController.swift */; };
		427B80E8273774DB002B5C03 /* Assets.xcassets in Resources */ = {isa = PBXBuildFile; fileRef = 427B80E7273774DB002B5C03 /* Assets.xcassets */; };
		427B80EB273774DB002B5C03 /* Main.storyboard in Resources */ = {isa = PBXBuildFile; fileRef = 427B80E9273774DB002B5C03 /* Main.storyboard */; };
		42BA079A2737BA0700A53B86 /* PitchLetterGenerator.swift in Sources */ = {isa = PBXBuildFile; fileRef = 42BA07992737BA0700A53B86 /* PitchLetterGenerator.swift */; };
/* End PBXBuildFile section */

/* Begin PBXFileReference section */
		427B80E0273774D9002B5C03 /* Bullpen.app */ = {isa = PBXFileReference; explicitFileType = wrapper.application; includeInIndex = 0; path = Bullpen.app; sourceTree = BUILT_PRODUCTS_DIR; };
		427B80E3273774D9002B5C03 /* AppDelegate.swift */ = {isa = PBXFileReference; lastKnownFileType = sourcecode.swift; path = AppDelegate.swift; sourceTree = "<group>"; };
		427B80E5273774D9002B5C03 /* ViewController.swift */ = {isa = PBXFileReference; lastKnownFileType = sourcecode.swift; path = ViewController.swift; sourceTree = "<group>"; };
		427B80E7273774DB002B5C03 /* Assets.xcassets */ = {isa = PBXFileReference; lastKnownFileType = folder.assetcatalog; path = Assets.xcassets; sourceTree = "<group>"; };
		427B80EA273774DB002B5C03 /* Base */ = {isa = PBXFileReference; lastKnownFileType = file.storyboard; name = Base; path = Base.lproj/Main.storyboard; sourceTree = "<group>"; };
		427B80EC273774DB002B5C03 /* Info.plist */ = {isa = PBXFileReference; lastKnownFileType = text.plist.xml; path = Info.plist; sourceTree = "<group>"; };
		427B80ED273774DB002B5C03 /* Bullpen.entitlements */ = {isa = PBXFileReference; lastKnownFileType = text.plist.entitlements; path = Bullpen.entitlements; sourceTree = "<group>"; };
		42BA07992737BA0700A53B86 /* PitchLetterGenerator.swift */ = {isa = PBXFileReference; lastKnownFileType = sourcecode.swift; path = PitchLetterGenerator.swift; sourceTree = "<group>"; };
/* End PBXFileReference section */

/* Begin PBXFrameworksBuildPhase section */
		427B80DD273774D9002B5C03 /* Frameworks */ = {
			isa = PBXFrameworksBuildPhase;
			buildActionMask = 2147483647;
			files = (
			);
			runOnlyForDeploymentPostprocessing = 0;
		};
/* End PBXFrameworksBuildPhase section */

/* Begin PBXGroup section */
		427B80D7273774D9002B5C03 = {
			isa = PBXGroup;
			children = (
				427B80E2273774D9002B5C03 /* Bullpen */,
				427B80E1273774D9002B5C03 /* Products */,
			);
			sourceTree = "<group>";
		};
		427B80E1273774D9002B5C03 /* Products */ = {
			isa = PBXGroup;
			children = (
				427B80E0273774D9002B5C03 /* Bullpen.app */,
			);
			name = Products;
			sourceTree = "<group>";
		};
		427B80E2273774D9002B5C03 /* Bullpen */ = {
			isa = PBXGroup;
			children = (
				427B80E3273774D9002B5C03 /* AppDelegate.swift */,
				427B80E5273774D9002B5C03 /* ViewController.swift */,
				42BA07992737BA0700A53B86 /* PitchLetterGenerator.swift */,
				427B80E7273774DB002B5C03 /* Assets.xcassets */,
				427B80E9273774DB002B5C03 /* Main.storyboard */,
				427B80EC273774DB002B5C03 /* Info.plist */,
				427B80ED273774DB002B5C03 /* Bullpen.entitlements */,
			);
			path = Bullpen;
			sourceTree = "<group>";
		};
/* End PBXGroup section */

/* Begin PBXNativeTarget section */
		427B80DF273774D9002B5C03 /* Bullpen */ = {
			isa = PBXNativeTarget;
			buildConfigurationList = 427B80F0273774DB002B5C03 /* Build configuration list for PBXNativeTarget "Bullpen" */;
			buildPhases = (
				427B80DC273774D9002B5C03 /* Sources */,
				427B80DD273774D9002B5C03 /* Frameworks */,
				427B80DE273774D9002B5C03 /* Resources */,
			);
			buildRules = (
			);
			dependencies = (
			);
			name = Bullpen;
			productName = Bullpen;
			productReference = 427B80E0273774D9002B5C03 /* Bullpen.app */;
			productType = "com.apple.product-type.application";
		};
/* End PBXNativeTarget section */

/* Begin PBXProject section */
		427B80D8273774D9002B5C03 /* Project object */ = {
			isa = PBXProject;
			attributes = {
				LastSwiftUpdateCheck = 1130;
				LastUpgradeCheck = 1130;
				ORGANIZATIONNAME = "Joshua Kraft";
				TargetAttributes = {
					427B80DF273774D9002B5C03 = {
						CreatedOnToolsVersion = 11.3.1;
					};
				};
			};
			buildConfigurationList = 427B80DB273774D9002B5C03 /* Build configuration list for PBXProject "Bullpen" */;
			compatibilityVersion = "Xcode 9.3";
			developmentRegion = en;
			hasScannedForEncodings = 0;
			knownRegions = (
				en,
				Base,
			);
			mainGroup = 427B80D7273774D9002B5C03;
			productRefGroup = 427B80E1273774D9002B5C03 /* Products */;
			projectDirPath = "";
			projectRoot = "";
			targets = (
				427B80DF273774D9002B5C03 /* Bullpen */,
			);
		};
/* End PBXProject section */

/* Begin PBXResourcesBuildPhase section */
		427B80DE273774D9002B5C03 /* Resources */ = {
			isa = PBXResourcesBuildPhase;
			buildActionMask = 2147483647;
			files = (
				427B80E8273774DB002B5C03 /* Assets.xcassets in Resources */,
				427B80EB273774DB002B5C03 /* Main.storyboard in Resources */,
			);
			runOnlyForDeploymentPostprocessing = 0;
		};
/* End PBXResourcesBuildPhase section */

/* Begin PBXSourcesBuildPhase section */
		427B80DC273774D9002B5C03 /* Sources */ = {
			isa = PBXSourcesBuildPhase;
			buildActionMask = 2147483647;
			files = (
				427B80E6273774D9002B5C03 /* ViewController.swift in Sources */,
				42BA079A2737BA0700A53B86 /* PitchLetterGenerator.swift in Sources */,
				427B80E4273774D9002B5C03 /* AppDelegate.swift in Sources */,
			);
			runOnlyForDeploymentPostprocessing = 0;
		};
/* End PBXSourcesBuildPhase section */

/* Begin PBXVariantGroup section */
		427B80E9273774DB002B5C03 /* Main.storyboard */ = {
			isa = PBXVariantGroup;
			children = (
				427B80EA273774DB002B5C03 /* Base */,
			);
			name = Main.storyboard;
			sourceTree = "<group>";
		};
/* End PBXVariantGroup section */

/* Begin XCBuildConfiguration section */
		427B80EE273774DB002B5C03 /* Debug */ = {
			isa = XCBuildConfiguration;
			buildSettings = {
				ALWAYS_SEARCH_USER_PATHS = NO;
				CLANG_ANALYZER_NONNULL = YES;
				CLANG_ANALYZER_NUMBER_OBJECT_CONVERSION = YES_AGGRESSIVE;
				CLANG_CXX_LANGUAGE_STANDARD = "gnu++14";
				CLANG_CXX_LIBRARY = "libc++";
				CLANG_ENABLE_MODULES = YES;
				CLANG_ENABLE_OBJC_ARC = YES;
				CLANG_ENABLE_OBJC_WEAK = YES;
				CLANG_WARN_BLOCK_CAPTURE_AUTORELEASING = YES;
				CLANG_WARN_BOOL_CONVERSION = YES;
				CLANG_WARN_COMMA = YES;
				CLANG_WARN_CONSTANT_CONVERSION = YES;
				CLANG_WARN_DEPRECATED_OBJC_IMPLEMENTATIONS = YES;
				CLANG_WARN_DIRECT_OBJC_ISA_USAGE = YES_ERROR;
				CLANG_WARN_DOCUMENTATION_COMMENTS = YES;
				CLANG_WARN_EMPTY_BODY = YES;
				CLANG_WARN_ENUM_CONVERSION = YES;
				CLANG_WARN_INFINITE_RECURSION = YES;
				CLANG_WARN_INT_CONVERSION = YES;
				CLANG_WARN_NON_LITERAL_NULL_CONVERSION = YES;
				CLANG_WARN_OBJC_IMPLICIT_RETAIN_SELF = YES;
				CLANG_WARN_OBJC_LITERAL_CONVERSION = YES;
				CLANG_WARN_OBJC_ROOT_CLASS = YES_ERROR;
				CLANG_WARN_RANGE_LOOP_ANALYSIS = YES;
				CLANG_WARN_STRICT_PROTOTYPES = YES;
				CLANG_WARN_SUSPICIOUS_MOVE = YES;
				CLANG_WARN_UNGUARDED_AVAILABILITY = YES_AGGRESSIVE;
				CLANG_WARN_UNREACHABLE_CODE = YES;
				CLANG_WARN__DUPLICATE_METHOD_MATCH = YES;
				COPY_PHASE_STRIP = NO;
				DEBUG_INFORMATION_FORMAT = dwarf;
				ENABLE_STRICT_OBJC_MSGSEND = YES;
				ENABLE_TESTABILITY = YES;
				GCC_C_LANGUAGE_STANDARD = gnu11;
				GCC_DYNAMIC_NO_PIC = NO;
				GCC_NO_COMMON_BLOCKS = YES;
				GCC_OPTIMIZATION_LEVEL = 0;
				GCC_PREPROCESSOR_DEFINITIONS = (
					"DEBUG=1",
					"$(inherited)",
				);
				GCC_WARN_64_TO_32_BIT_CONVERSION = YES;
				GCC_WARN_ABOUT_RETURN_TYPE = YES_ERROR;
				GCC_WARN_UNDECLARED_SELECTOR = YES;
				GCC_WARN_UNINITIALIZED_AUTOS = YES_AGGRESSIVE;
				GCC_WARN_UNUSED_FUNCTION = YES;
				GCC_WARN_UNUSED_VARIABLE = YES;
				MACOSX_DEPLOYMENT_TARGET = 10.14;
				MTL_ENABLE_DEBUG_INFO = INCLUDE_SOURCE;
				MTL_FAST_MATH = YES;
				ONLY_ACTIVE_ARCH = YES;
				SDKROOT = macosx;
				SWIFT_ACTIVE_COMPILATION_CONDITIONS = DEBUG;
				SWIFT_OPTIMIZATION_LEVEL = "-Onone";
			};
			name = Debug;
		};
		427B80EF273774DB002B5C03 /* Release */ = {
			isa = XCBuildConfiguration;
			buildSettings = {
				ALWAYS_SEARCH_USER_PATHS = NO;
				CLANG_ANALYZER_NONNULL = YES;
				CLANG_ANALYZER_NUMBER_OBJECT_CONVERSION = YES_AGGRESSIVE;
				CLANG_CXX_LANGUAGE_STANDARD = "gnu++14";
				CLANG_CXX_LIBRARY = "libc++";
				CLANG_ENABLE_MODULES = YES;
				CLANG_ENABLE_OBJC_ARC = YES;
				CLANG_ENABLE_OBJC_WEAK = YES;
				CLANG_WARN_BLOCK_CAPTURE_AUTORELEASING = YES;
				CLANG_WARN_BOOL_CONVERSION = YES;
				CLANG_WARN_COMMA = YES;
				CLANG_WARN_CONSTANT_CONVERSION = YES;
				CLANG_WARN_DEPRECATED_OBJC_IMPLEMENTATIONS = YES;
				CLANG_WARN_DIRECT_OBJC_ISA_USAGE = YES_ERROR;
				CLANG_WARN_DOCUMENTATION_COMMENTS = YES;
				CLANG_WARN_EMPTY_BODY = YES;
				CLANG_WARN_ENUM_CONVERSION = YES;
				CLANG_WARN_INFINITE_RECURSION = YES;
				CLANG_WARN_INT_CONVERSION = YES;
				CLANG_WARN_NON_LITERAL_NULL_CONVERSION = YES;
				CLANG_WARN_OBJC_IMPLICIT_RETAIN_SELF = YES;
				CLANG_WARN_OBJC_LITERAL_CONVERSION = YES;
				CLANG_WARN_OBJC_ROOT_CLASS = YES_ERROR;
				CLANG_WARN_RANGE_LOOP_ANALYSIS = YES;
				CLANG_WARN_STRICT_PROTOTYPES = YES;
				CLANG_WARN_SUSPICIOUS_MOVE = YES;
				CLANG_WARN_UNGUARDED_AVAILABILITY = YES_AGGRESSIVE;
				CLANG_WARN_UNREACHABLE_CODE = YES;
				CLANG_WARN__DUPLICATE_METHOD_MATCH = YES;
				COPY_PHASE_STRIP = NO;
				DEBUG_INFORMATION_FORMAT = "dwarf-with-dsym";
				ENABLE_NS_ASSERTIONS = NO;
				ENABLE_STRICT_OBJC_MSGSEND = YES;
				GCC_C_LANGUAGE_STANDARD = gnu11;
				GCC_NO_COMMON_BLOCKS = YES;
				GCC_WARN_64_TO_32_BIT_CONVERSION = YES;
				GCC_WARN_ABOUT_RETURN_TYPE = YES_ERROR;
				GCC_WARN_UNDECLARED_SELECTOR = YES;
				GCC_WARN_UNINITIALIZED_AUTOS = YES_AGGRESSIVE;
				GCC_WARN_UNUSED_FUNCTION = YES;
				GCC_WARN_UNUSED_VARIABLE = YES;
				MACOSX_DEPLOYMENT_TARGET = 10.14;
				MTL_ENABLE_DEBUG_INFO = NO;
				MTL_FAST_MATH = YES;
				SDKROOT = macosx;
				SWIFT_COMPILATION_MODE = wholemodule;
				SWIFT_OPTIMIZATION_LEVEL = "-O";
			};
			name = Release;
		};
		427B80F1273774DB002B5C03 /* Debug */ = {
			isa = XCBuildConfiguration;
			buildSettings = {
				ASSETCATALOG_COMPILER_APPICON_NAME = AppIcon;
				CODE_SIGN_ENTITLEMENTS = Bullpen/Bullpen.entitlements;
				CODE_SIGN_IDENTITY = "Apple Development";
				CODE_SIGN_STYLE = Manual;
				COMBINE_HIDPI_IMAGES = YES;
				DEVELOPMENT_TEAM = 575V4XYC4S;
				ENABLE_HARDENED_RUNTIME = YES;
				INFOPLIST_FILE = Bullpen/Info.plist;
				LD_RUNPATH_SEARCH_PATHS = (
					"$(inherited)",
					"@executable_path/../Frameworks",
				);
				MARKETING_VERSION = 1.0;
				PRODUCT_BUNDLE_IDENTIFIER = com.trapac.Bullpen;
				PRODUCT_NAME = "$(TARGET_NAME)";
				PROVISIONING_PROFILE_SPECIFIER = "";
				SWIFT_VERSION = 5.0;
			};
			name = Debug;
		};
		427B80F2273774DB002B5C03 /* Release */ = {
			isa = XCBuildConfiguration;
			buildSettings = {
				ASSETCATALOG_COMPILER_APPICON_NAME = AppIcon;
				CODE_SIGN_ENTITLEMENTS = Bullpen/Bullpen.entitlements;
				CODE_SIGN_IDENTITY = "Apple Development";
				CODE_SIGN_STYLE = Manual;
				COMBINE_HIDPI_IMAGES = YES;
				DEVELOPMENT_TEAM = 575V4XYC4S;
				ENABLE_HARDENED_RUNTIME = YES;
				INFOPLIST_FILE = Bullpen/Info.plist;
				LD_RUNPATH_SEARCH_PATHS = (
					"$(inherited)",
					"@executable_path/../Frameworks",
				);
				MARKETING_VERSION = 1.0;
				PRODUCT_BUNDLE_IDENTIFIER = com.trapac.Bullpen;
				PRODUCT_NAME = "$(TARGET_NAME)";
				PROVISIONING_PROFILE_SPECIFIER = "";
				SWIFT_VERSION = 5.0;
			};
			name = Release;
		};
/* End XCBuildConfiguration section */

/* Begin XCConfigurationList section */
		427B80DB273774D9002B5C03 /* Build configuration list for PBXProject "Bullpen" */ = {
			isa = XCConfigurationList;
			buildConfigurations = (
				427B80EE273774DB002B5C03 /* Debug */,
				427B80EF273774DB002B5C03 /* Release */,
			);
			defaultConfigurationIsVisible = 0;
			defaultConfigurationName = Release;
		};
		427B80F0273774DB002B5C03 /* Build configuration list for PBXNativeTarget "Bullpen" */ = {
			isa = XCConfigurationList;
			buildConfigurations = (
				427B80F1273774DB002B5C03 /* Debug */,
				427B80F2273774DB002B5C03 /* Release */,
			);
			defaultConfigurationIsVisible = 0;
			defaultConfigurationName = Release;
		};
/* End XCConfigurationList section */
	};
	rootObject = 427B80D8273774D9002B5C03 /* Project object */;
}
